
Microsoft Visual Studio Solution File, Format Version 12.00
# Visual Studio Version 16
VisualStudioVersion = 16.0.33027.164
MinimumVisualStudioVersion = 10.0.40219.1
Project("{FAE04EC0-301F-11D3-BF4B-00C04F79EFBC}") = "WinFrmsApp1", "WinFrmsApp1\WinFrmsApp1.csproj", "{996B22E4-35B4-4B42-87E6-68A25113A994}"
EndProject
Global
	GlobalSection(SolutionConfigurationPlatforms) = preSolution
		Debug|Any CPU = Debug|Any CPU
		Release|Any CPU = Release|Any CPU
	EndGlobalSection
	GlobalSection(ProjectConfigurationPlatforms) = postSolution
		{996B22E4-35B4-4B42-87E6-68A25113A994}.Debug|Any CPU.ActiveCfg = Debug|Any CPU
		{996B22E4-35B4-4B42-87E6-68A25113A994}.Debug|Any CPU.Build.0 = Debug|Any CPU
		{996B22E4-35B4-4B42-87E6-68A25113A994}.Release|Any CPU.ActiveCfg = Release|Any CPU
		{996B22E4-35B4-4B42-87E6-68A25113A994}.Release|Any CPU.Build.0 = Release|Any CPU
	EndGlobalSection
	GlobalSection(SolutionProperties) = preSolution
		HideSolutionNode = FALSE
	EndGlobalSection
	GlobalSection(ExtensibilityGlobals) = postSolution
		SolutionGuid = {4710CA48-AC24-459D-BC35-EC16E072C9FC}
	EndGlobalSection
EndGlobal
